
Microsoft Visual Studio Solution File, Format Version 12.00
# Visual Studio Version 17
VisualStudioVersion = 17.9.34723.18
MinimumVisualStudioVersion = 10.0.40219.1
Project("{FAE04EC0-301F-11D3-BF4B-00C04F79EFBC}") = "Q1NumberJudgment01", "NumberJudgment01\Q1NumberJudgment01.csproj", "{C78602F5-97F5-41F2-A656-2DB2FB72EF86}"
EndProject
Project("{FAE04EC0-301F-11D3-BF4B-00C04F79EFBC}") = "Q2NumberJudgment02", "NumberJudgment02\Q2NumberJudgment02.csproj", "{77F038E4-5E65-4596-99A5-949820B57ABF}"
EndProject
Project("{FAE04EC0-301F-11D3-BF4B-00C04F79EFBC}") = "Q3ReverseArray", "ReverseArray\Q3ReverseArray.csproj", "{42B2B13C-AB8A-4FF2-9B29-65BB635604C3}"
EndProject
Project("{FAE04EC0-301F-11D3-BF4B-00C04F79EFBC}") = "Q3_1ReverseArray02_sort", "ReverseArray02_sort\Q3_1ReverseArray02_sort.csproj", "{7DBA9BED-3E8E-4323-A4A7-D0C5786BA2AC}"
EndProject
Project("{FAE04EC0-301F-11D3-BF4B-00C04F79EFBC}") = "Q4RightTriangle", "RightTriangle\Q4RightTriangle.csproj", "{D9434235-8657-44F9-85BC-6DBF4FB65EE7}"
EndProject
Project("{FAE04EC0-301F-11D3-BF4B-00C04F79EFBC}") = "Q5Leap year", "Leap year\Q5Leap year.csproj", "{BAB1A16E-F5A1-4078-A2CE-B9E1CD4799DF}"
EndProject
Project("{FAE04EC0-301F-11D3-BF4B-00C04F79EFBC}") = "Q6_1holiday_calculator", "Q6_1holiday_calculator\Q6_1holiday_calculator.csproj", "{040D754C-70D6-495F-9A1B-95D79BB9B310}"
EndProject
Project("{FAE04EC0-301F-11D3-BF4B-00C04F79EFBC}") = "Q6_2 HolidayCalculator_TwYear", "Q6_2 HolidayCalculator_TwYear\Q6_2 HolidayCalculator_TwYear.csproj", "{6F5691E0-5B25-4E61-B740-4BBF5A5663F0}"
EndProject
Global
	GlobalSection(SolutionConfigurationPlatforms) = preSolution
		Debug|Any CPU = Debug|Any CPU
		Release|Any CPU = Release|Any CPU
	EndGlobalSection
	GlobalSection(ProjectConfigurationPlatforms) = postSolution
		{C78602F5-97F5-41F2-A656-2DB2FB72EF86}.Debug|Any CPU.ActiveCfg = Debug|Any CPU
		{C78602F5-97F5-41F2-A656-2DB2FB72EF86}.Debug|Any CPU.Build.0 = Debug|Any CPU
		{C78602F5-97F5-41F2-A656-2DB2FB72EF86}.Release|Any CPU.ActiveCfg = Release|Any CPU
		{C78602F5-97F5-41F2-A656-2DB2FB72EF86}.Release|Any CPU.Build.0 = Release|Any CPU
		{77F038E4-5E65-4596-99A5-949820B57ABF}.Debug|Any CPU.ActiveCfg = Debug|Any CPU
		{77F038E4-5E65-4596-99A5-949820B57ABF}.Debug|Any CPU.Build.0 = Debug|Any CPU
		{77F038E4-5E65-4596-99A5-949820B57ABF}.Release|Any CPU.ActiveCfg = Release|Any CPU
		{77F038E4-5E65-4596-99A5-949820B57ABF}.Release|Any CPU.Build.0 = Release|Any CPU
		{42B2B13C-AB8A-4FF2-9B29-65BB635604C3}.Debug|Any CPU.ActiveCfg = Debug|Any CPU
		{42B2B13C-AB8A-4FF2-9B29-65BB635604C3}.Debug|Any CPU.Build.0 = Debug|Any CPU
		{42B2B13C-AB8A-4FF2-9B29-65BB635604C3}.Release|Any CPU.ActiveCfg = Release|Any CPU
		{42B2B13C-AB8A-4FF2-9B29-65BB635604C3}.Release|Any CPU.Build.0 = Release|Any CPU
		{7DBA9BED-3E8E-4323-A4A7-D0C5786BA2AC}.Debug|Any CPU.ActiveCfg = Debug|Any CPU
		{7DBA9BED-3E8E-4323-A4A7-D0C5786BA2AC}.Debug|Any CPU.Build.0 = Debug|Any CPU
		{7DBA9BED-3E8E-4323-A4A7-D0C5786BA2AC}.Release|Any CPU.ActiveCfg = Release|Any CPU
		{7DBA9BED-3E8E-4323-A4A7-D0C5786BA2AC}.Release|Any CPU.Build.0 = Release|Any CPU
		{D9434235-8657-44F9-85BC-6DBF4FB65EE7}.Debug|Any CPU.ActiveCfg = Debug|Any CPU
		{D9434235-8657-44F9-85BC-6DBF4FB65EE7}.Debug|Any CPU.Build.0 = Debug|Any CPU
		{D9434235-8657-44F9-85BC-6DBF4FB65EE7}.Release|Any CPU.ActiveCfg = Release|Any CPU
		{D9434235-8657-44F9-85BC-6DBF4FB65EE7}.Release|Any CPU.Build.0 = Release|Any CPU
		{BAB1A16E-F5A1-4078-A2CE-B9E1CD4799DF}.Debug|Any CPU.ActiveCfg = Debug|Any CPU
		{BAB1A16E-F5A1-4078-A2CE-B9E1CD4799DF}.Debug|Any CPU.Build.0 = Debug|Any CPU
		{BAB1A16E-F5A1-4078-A2CE-B9E1CD4799DF}.Release|Any CPU.ActiveCfg = Release|Any CPU
		{BAB1A16E-F5A1-4078-A2CE-B9E1CD4799DF}.Release|Any CPU.Build.0 = Release|Any CPU
		{040D754C-70D6-495F-9A1B-95D79BB9B310}.Debug|Any CPU.ActiveCfg = Debug|Any CPU
		{040D754C-70D6-495F-9A1B-95D79BB9B310}.Debug|Any CPU.Build.0 = Debug|Any CPU
		{040D754C-70D6-495F-9A1B-95D79BB9B310}.Release|Any CPU.ActiveCfg = Release|Any CPU
		{040D754C-70D6-495F-9A1B-95D79BB9B310}.Release|Any CPU.Build.0 = Release|Any CPU
		{6F5691E0-5B25-4E61-B740-4BBF5A5663F0}.Debug|Any CPU.ActiveCfg = Debug|Any CPU
		{6F5691E0-5B25-4E61-B740-4BBF5A5663F0}.Debug|Any CPU.Build.0 = Debug|Any CPU
		{6F5691E0-5B25-4E61-B740-4BBF5A5663F0}.Release|Any CPU.ActiveCfg = Release|Any CPU
		{6F5691E0-5B25-4E61-B740-4BBF5A5663F0}.Release|Any CPU.Build.0 = Release|Any CPU
	EndGlobalSection
	GlobalSection(SolutionProperties) = preSolution
		HideSolutionNode = FALSE
	EndGlobalSection
	GlobalSection(ExtensibilityGlobals) = postSolution
		SolutionGuid = {2B6813C2-6580-4719-83BE-5B6F83F3E144}
	EndGlobalSection
EndGlobal
