
Microsoft Visual Studio Solution File, Format Version 12.00
# Visual Studio Version 17
VisualStudioVersion = 17.9.34723.18
MinimumVisualStudioVersion = 10.0.40219.1
Project("{FAE04EC0-301F-11D3-BF4B-00C04F79EFBC}") = "Q1", "Q1\Q1.csproj", "{A13D630A-43C6-4FE7-910D-1A5622FB3229}"
EndProject
Project("{FAE04EC0-301F-11D3-BF4B-00C04F79EFBC}") = "Q2", "Q\Q2.csproj", "{5531F403-655F-472B-950F-081E29F9D747}"
EndProject
Project("{FAE04EC0-301F-11D3-BF4B-00C04F79EFBC}") = "Q3", "Q3\Q3.csproj", "{266BAE9C-0EAC-4C82-AA24-A65BDDA0A0C5}"
EndProject
Project("{FAE04EC0-301F-11D3-BF4B-00C04F79EFBC}") = "Q4", "Q4\Q4.csproj", "{53806642-0043-476C-B5DF-AD6C179A0F9C}"
EndProject
Project("{FAE04EC0-301F-11D3-BF4B-00C04F79EFBC}") = "Q6", "Q6\Q6.csproj", "{3E1E9B7A-0AC1-41C5-B19A-656F2D9A142E}"
EndProject
Project("{FAE04EC0-301F-11D3-BF4B-00C04F79EFBC}") = "Q5", "Q5\Q5.csproj", "{6B380A6D-D47B-4C51-89C8-3B74EB7515DE}"
EndProject
Project("{FAE04EC0-301F-11D3-BF4B-00C04F79EFBC}") = "TA_1", "TA_1\TA_1.csproj", "{7A1E5D35-AEE8-486E-B0EB-579DE57263E6}"
EndProject
Project("{FAE04EC0-301F-11D3-BF4B-00C04F79EFBC}") = "TA_2", "TA_2\TA_2.csproj", "{68727BBA-9095-4C3B-9C71-25B6A9FCB8F1}"
EndProject
Project("{FAE04EC0-301F-11D3-BF4B-00C04F79EFBC}") = "TA_3", "TA_3\TA_3.csproj", "{C82BDA8C-BD24-4CD1-8BB4-39B0A5571F7E}"
EndProject
Project("{FAE04EC0-301F-11D3-BF4B-00C04F79EFBC}") = "TA_4", "TA_4\TA_4.csproj", "{ED38F226-6FAD-41FC-807E-55A7634A400C}"
EndProject
Project("{FAE04EC0-301F-11D3-BF4B-00C04F79EFBC}") = "TA_6", "TA_6\TA_6.csproj", "{43751C7B-BD8E-4B87-98C7-E0F47A6DADF4}"
EndProject
Project("{FAE04EC0-301F-11D3-BF4B-00C04F79EFBC}") = "TA_5", "TA_5\TA_5.csproj", "{583CB0DA-80D4-479C-9078-E469D57644D2}"
EndProject
Global
	GlobalSection(SolutionConfigurationPlatforms) = preSolution
		Debug|Any CPU = Debug|Any CPU
		Release|Any CPU = Release|Any CPU
	EndGlobalSection
	GlobalSection(ProjectConfigurationPlatforms) = postSolution
		{A13D630A-43C6-4FE7-910D-1A5622FB3229}.Debug|Any CPU.ActiveCfg = Debug|Any CPU
		{A13D630A-43C6-4FE7-910D-1A5622FB3229}.Debug|Any CPU.Build.0 = Debug|Any CPU
		{A13D630A-43C6-4FE7-910D-1A5622FB3229}.Release|Any CPU.ActiveCfg = Release|Any CPU
		{A13D630A-43C6-4FE7-910D-1A5622FB3229}.Release|Any CPU.Build.0 = Release|Any CPU
		{5531F403-655F-472B-950F-081E29F9D747}.Debug|Any CPU.ActiveCfg = Debug|Any CPU
		{5531F403-655F-472B-950F-081E29F9D747}.Debug|Any CPU.Build.0 = Debug|Any CPU
		{5531F403-655F-472B-950F-081E29F9D747}.Release|Any CPU.ActiveCfg = Release|Any CPU
		{5531F403-655F-472B-950F-081E29F9D747}.Release|Any CPU.Build.0 = Release|Any CPU
		{266BAE9C-0EAC-4C82-AA24-A65BDDA0A0C5}.Debug|Any CPU.ActiveCfg = Debug|Any CPU
		{266BAE9C-0EAC-4C82-AA24-A65BDDA0A0C5}.Debug|Any CPU.Build.0 = Debug|Any CPU
		{266BAE9C-0EAC-4C82-AA24-A65BDDA0A0C5}.Release|Any CPU.ActiveCfg = Release|Any CPU
		{266BAE9C-0EAC-4C82-AA24-A65BDDA0A0C5}.Release|Any CPU.Build.0 = Release|Any CPU
		{53806642-0043-476C-B5DF-AD6C179A0F9C}.Debug|Any CPU.ActiveCfg = Debug|Any CPU
		{53806642-0043-476C-B5DF-AD6C179A0F9C}.Debug|Any CPU.Build.0 = Debug|Any CPU
		{53806642-0043-476C-B5DF-AD6C179A0F9C}.Release|Any CPU.ActiveCfg = Release|Any CPU
		{53806642-0043-476C-B5DF-AD6C179A0F9C}.Release|Any CPU.Build.0 = Release|Any CPU
		{3E1E9B7A-0AC1-41C5-B19A-656F2D9A142E}.Debug|Any CPU.ActiveCfg = Debug|Any CPU
		{3E1E9B7A-0AC1-41C5-B19A-656F2D9A142E}.Debug|Any CPU.Build.0 = Debug|Any CPU
		{3E1E9B7A-0AC1-41C5-B19A-656F2D9A142E}.Release|Any CPU.ActiveCfg = Release|Any CPU
		{3E1E9B7A-0AC1-41C5-B19A-656F2D9A142E}.Release|Any CPU.Build.0 = Release|Any CPU
		{6B380A6D-D47B-4C51-89C8-3B74EB7515DE}.Debug|Any CPU.ActiveCfg = Debug|Any CPU
		{6B380A6D-D47B-4C51-89C8-3B74EB7515DE}.Debug|Any CPU.Build.0 = Debug|Any CPU
		{6B380A6D-D47B-4C51-89C8-3B74EB7515DE}.Release|Any CPU.ActiveCfg = Release|Any CPU
		{6B380A6D-D47B-4C51-89C8-3B74EB7515DE}.Release|Any CPU.Build.0 = Release|Any CPU
		{7A1E5D35-AEE8-486E-B0EB-579DE57263E6}.Debug|Any CPU.ActiveCfg = Debug|Any CPU
		{7A1E5D35-AEE8-486E-B0EB-579DE57263E6}.Debug|Any CPU.Build.0 = Debug|Any CPU
		{7A1E5D35-AEE8-486E-B0EB-579DE57263E6}.Release|Any CPU.ActiveCfg = Release|Any CPU
		{7A1E5D35-AEE8-486E-B0EB-579DE57263E6}.Release|Any CPU.Build.0 = Release|Any CPU
		{68727BBA-9095-4C3B-9C71-25B6A9FCB8F1}.Debug|Any CPU.ActiveCfg = Debug|Any CPU
		{68727BBA-9095-4C3B-9C71-25B6A9FCB8F1}.Debug|Any CPU.Build.0 = Debug|Any CPU
		{68727BBA-9095-4C3B-9C71-25B6A9FCB8F1}.Release|Any CPU.ActiveCfg = Release|Any CPU
		{68727BBA-9095-4C3B-9C71-25B6A9FCB8F1}.Release|Any CPU.Build.0 = Release|Any CPU
		{C82BDA8C-BD24-4CD1-8BB4-39B0A5571F7E}.Debug|Any CPU.ActiveCfg = Debug|Any CPU
		{C82BDA8C-BD24-4CD1-8BB4-39B0A5571F7E}.Debug|Any CPU.Build.0 = Debug|Any CPU
		{C82BDA8C-BD24-4CD1-8BB4-39B0A5571F7E}.Release|Any CPU.ActiveCfg = Release|Any CPU
		{C82BDA8C-BD24-4CD1-8BB4-39B0A5571F7E}.Release|Any CPU.Build.0 = Release|Any CPU
		{ED38F226-6FAD-41FC-807E-55A7634A400C}.Debug|Any CPU.ActiveCfg = Debug|Any CPU
		{ED38F226-6FAD-41FC-807E-55A7634A400C}.Debug|Any CPU.Build.0 = Debug|Any CPU
		{ED38F226-6FAD-41FC-807E-55A7634A400C}.Release|Any CPU.ActiveCfg = Release|Any CPU
		{ED38F226-6FAD-41FC-807E-55A7634A400C}.Release|Any CPU.Build.0 = Release|Any CPU
		{43751C7B-BD8E-4B87-98C7-E0F47A6DADF4}.Debug|Any CPU.ActiveCfg = Debug|Any CPU
		{43751C7B-BD8E-4B87-98C7-E0F47A6DADF4}.Debug|Any CPU.Build.0 = Debug|Any CPU
		{43751C7B-BD8E-4B87-98C7-E0F47A6DADF4}.Release|Any CPU.ActiveCfg = Release|Any CPU
		{43751C7B-BD8E-4B87-98C7-E0F47A6DADF4}.Release|Any CPU.Build.0 = Release|Any CPU
		{583CB0DA-80D4-479C-9078-E469D57644D2}.Debug|Any CPU.ActiveCfg = Debug|Any CPU
		{583CB0DA-80D4-479C-9078-E469D57644D2}.Debug|Any CPU.Build.0 = Debug|Any CPU
		{583CB0DA-80D4-479C-9078-E469D57644D2}.Release|Any CPU.ActiveCfg = Release|Any CPU
		{583CB0DA-80D4-479C-9078-E469D57644D2}.Release|Any CPU.Build.0 = Release|Any CPU
	EndGlobalSection
	GlobalSection(SolutionProperties) = preSolution
		HideSolutionNode = FALSE
	EndGlobalSection
	GlobalSection(ExtensibilityGlobals) = postSolution
		SolutionGuid = {E208F20E-9169-4619-9DA3-27E78C0FECE0}
	EndGlobalSection
EndGlobal
